
Microsoft Visual Studio Solution File, Format Version 12.00
# Visual Studio Version 17
VisualStudioVersion = 17.9.34607.119
MinimumVisualStudioVersion = 10.0.40219.1
Project("{FAE04EC0-301F-11D3-BF4B-00C04F79EFBC}") = "IdentityAppPractice", "IdentityAppPractice\IdentityAppPractice.csproj", "{6F0C662A-A548-44D0-8772-0EA080CC423C}"
EndProject
Global
	GlobalSection(SolutionConfigurationPlatforms) = preSolution
		Debug|Any CPU = Debug|Any CPU
		Release|Any CPU = Release|Any CPU
	EndGlobalSection
	GlobalSection(ProjectConfigurationPlatforms) = postSolution
		{6F0C662A-A548-44D0-8772-0EA080CC423C}.Debug|Any CPU.ActiveCfg = Debug|Any CPU
		{6F0C662A-A548-44D0-8772-0EA080CC423C}.Debug|Any CPU.Build.0 = Debug|Any CPU
		{6F0C662A-A548-44D0-8772-0EA080CC423C}.Release|Any CPU.ActiveCfg = Release|Any CPU
		{6F0C662A-A548-44D0-8772-0EA080CC423C}.Release|Any CPU.Build.0 = Release|Any CPU
	EndGlobalSection
	GlobalSection(SolutionProperties) = preSolution
		HideSolutionNode = FALSE
	EndGlobalSection
	GlobalSection(ExtensibilityGlobals) = postSolution
		SolutionGuid = {202D0C60-C03C-4A28-82C1-3C9880F724AA}
	EndGlobalSection
EndGlobal
